PODS:
  - Expecta (1.0.5)
  - ObjC-KFStdLib (0.1.0)

DEPENDENCIES:
  - Expecta
  - ObjC-KFStdLib (from `../`)

EXTERNAL SOURCES:
  ObjC-KFStdLib:
    :path: ../

SPEC CHECKSUMS:
  Expecta: e1c022fcd33910b6be89c291d2775b3fe27a89fe
  ObjC-KFStdLib: 461375913ad70602a41a7fc47830b08badf65db4

PODFILE CHECKSUM: cd174a902b279a1f918fe7f071ac0d7c6ff5baea

COCOAPODS: 1.0.1
